
Microsoft Visual Studio Solution File, Format Version 12.00
# Visual Studio Version 16
VisualStudioVersion = 16.0.31424.327
MinimumVisualStudioVersion = 10.0.40219.1
Project("{FAE04EC0-301F-11D3-BF4B-00C04F79EFBC}") = "FormularioC", "FormularioC\FormularioC.csproj", "{BEF7A7F3-3F3C-404A-B4BD-C1A887928BDF}"
EndProject
Global
	GlobalSection(SolutionConfigurationPlatforms) = preSolution
		Debug|Any CPU = Debug|Any CPU
		Release|Any CPU = Release|Any CPU
	EndGlobalSection
	GlobalSection(ProjectConfigurationPlatforms) = postSolution
		{BEF7A7F3-3F3C-404A-B4BD-C1A887928BDF}.Debug|Any CPU.ActiveCfg = Debug|Any CPU
		{BEF7A7F3-3F3C-404A-B4BD-C1A887928BDF}.Debug|Any CPU.Build.0 = Debug|Any CPU
		{BEF7A7F3-3F3C-404A-B4BD-C1A887928BDF}.Release|Any CPU.ActiveCfg = Release|Any CPU
		{BEF7A7F3-3F3C-404A-B4BD-C1A887928BDF}.Release|Any CPU.Build.0 = Release|Any CPU
	EndGlobalSection
	GlobalSection(SolutionProperties) = preSolution
		HideSolutionNode = FALSE
	EndGlobalSection
	GlobalSection(ExtensibilityGlobals) = postSolution
		SolutionGuid = {27555D3E-C57E-44A4-BE83-3B162D626260}
	EndGlobalSection
EndGlobal
